# This file was autogenerated by Stack.
# You should not edit this file by hand.
# For more information, please see the documentation at:
#   https://docs.haskellstack.org/en/stable/lock_files

packages:
- completed:
    hackage: servant-ekg-0.3.1@sha256:19bd9dc3943983da8e79d6f607614c68faea4054fb889d508c8a2b67b6bdd448,2203
    pantry-tree:
      size: 552
      sha256: 432766c31fdcd06fd2102d4d0ac63217c880d80d3bef4ad64b5b2ed95f8af355
  original:
    hackage: servant-ekg-0.3.1@sha256:19bd9dc3943983da8e79d6f607614c68faea4054fb889d508c8a2b67b6bdd448,2203
snapshots:
- completed:
    size: 531718
    url: https://raw.githubusercontent.com/commercialhaskell/stackage-snapshots/master/lts/16/6.yaml
    sha256: 230a7266fc11f76222bd3bb68e9503ed11d553060a752f164bff6753ed03e271
  original: lts-16.6
